
Microsoft Visual Studio Solution File, Format Version 12.00
# Visual Studio Version 16
VisualStudioVersion = 16.0.29230.47
MinimumVisualStudioVersion = 10.0.40219.1
Project("{9A19103F-16F7-4668-BE54-9A1E7A4F7556}") = "NetCoreSeleniumTest", "NetCoreSeleniumTest\NetCoreSeleniumTest.csproj", "{CD538A2E-BDC0-46B3-B767-AA4950F9A418}"
EndProject
Project("{FAE04EC0-301F-11D3-BF4B-00C04F79EFBC}") = "Selenium.Utils", "Selenium.Utils\Selenium.Utils.csproj", "{4F174A80-0B0E-4745-AC0E-A0BBD9B1CA8A}"
EndProject
Global
	GlobalSection(SolutionConfigurationPlatforms) = preSolution
		Debug|Any CPU = Debug|Any CPU
		Release|Any CPU = Release|Any CPU
	EndGlobalSection
	GlobalSection(ProjectConfigurationPlatforms) = postSolution
		{CD538A2E-BDC0-46B3-B767-AA4950F9A418}.Debug|Any CPU.ActiveCfg = Debug|Any CPU
		{CD538A2E-BDC0-46B3-B767-AA4950F9A418}.Debug|Any CPU.Build.0 = Debug|Any CPU
		{CD538A2E-BDC0-46B3-B767-AA4950F9A418}.Release|Any CPU.ActiveCfg = Release|Any CPU
		{CD538A2E-BDC0-46B3-B767-AA4950F9A418}.Release|Any CPU.Build.0 = Release|Any CPU
		{4F174A80-0B0E-4745-AC0E-A0BBD9B1CA8A}.Debug|Any CPU.ActiveCfg = Debug|Any CPU
		{4F174A80-0B0E-4745-AC0E-A0BBD9B1CA8A}.Debug|Any CPU.Build.0 = Debug|Any CPU
		{4F174A80-0B0E-4745-AC0E-A0BBD9B1CA8A}.Release|Any CPU.ActiveCfg = Release|Any CPU
		{4F174A80-0B0E-4745-AC0E-A0BBD9B1CA8A}.Release|Any CPU.Build.0 = Release|Any CPU
	EndGlobalSection
	GlobalSection(SolutionProperties) = preSolution
		HideSolutionNode = FALSE
	EndGlobalSection
	GlobalSection(ExtensibilityGlobals) = postSolution
		SolutionGuid = {2FD27CF0-BF73-4597-9153-FF1668252BE0}
	EndGlobalSection
EndGlobal
