
Microsoft Visual Studio Solution File, Format Version 12.00
# Visual Studio Version 16
VisualStudioVersion = 16.0.29613.14
MinimumVisualStudioVersion = 10.0.40219.1
Project("{FAE04EC0-301F-11D3-BF4B-00C04F79EFBC}") = "TestLoginFacebook", "TestLoginFacebook.csproj", "{A8FC0AE7-3551-43D0-B34F-C1422CA657E9}"
EndProject
Global
	GlobalSection(SolutionConfigurationPlatforms) = preSolution
		Debug|Any CPU = Debug|Any CPU
		Release|Any CPU = Release|Any CPU
	EndGlobalSection
	GlobalSection(ProjectConfigurationPlatforms) = postSolution
		{A8FC0AE7-3551-43D0-B34F-C1422CA657E9}.Debug|Any CPU.ActiveCfg = Debug|Any CPU
		{A8FC0AE7-3551-43D0-B34F-C1422CA657E9}.Debug|Any CPU.Build.0 = Debug|Any CPU
		{A8FC0AE7-3551-43D0-B34F-C1422CA657E9}.Release|Any CPU.ActiveCfg = Release|Any CPU
		{A8FC0AE7-3551-43D0-B34F-C1422CA657E9}.Release|Any CPU.Build.0 = Release|Any CPU
	EndGlobalSection
	GlobalSection(SolutionProperties) = preSolution
		HideSolutionNode = FALSE
	EndGlobalSection
	GlobalSection(ExtensibilityGlobals) = postSolution
		SolutionGuid = {0A6D6236-0C01-436B-96FE-769CBB026D86}
	EndGlobalSection
EndGlobal
